{
	"name": "glowing-calendar",
	"lockfileVersion": 2,
	"requires": true,
	"packages": {
		"": {
			"dependencies": {
				"@xylem-js/xylem-js": "^0.1.0"
			}
		},
		"node_modules/@xylem-js/xylem-js": {
			"version": "0.1.0",
			"resolved": "https://registry.npmjs.org/@xylem-js/xylem-js/-/xylem-js-0.1.0.tgz",
			"integrity": "sha512-yWZPi29+HtZE0vE4jxcI98vJs/0ad72g2fypS8d0mugx53vB2Bm89ptrr4lwzAb+JC33wQJf1sXW0oOo6+IztA=="
		}
	},
	"dependencies": {
		"@xylem-js/xylem-js": {
			"version": "0.1.0",
			"resolved": "https://registry.npmjs.org/@xylem-js/xylem-js/-/xylem-js-0.1.0.tgz",
			"integrity": "sha512-yWZPi29+HtZE0vE4jxcI98vJs/0ad72g2fypS8d0mugx53vB2Bm89ptrr4lwzAb+JC33wQJf1sXW0oOo6+IztA=="
		}
	}
}
