{
	"name": "glowing-calendar",
	"lockfileVersion": 2,
	"requires": true,
	"packages": {
		"": {
			"dependencies": {
				"@xylem-js/xylem-js": "0.1.1"
			}
		},
		"node_modules/@xylem-js/xylem-js": {
			"version": "0.1.1",
			"resolved": "https://registry.npmjs.org/@xylem-js/xylem-js/-/xylem-js-0.1.1.tgz",
			"integrity": "sha512-KNHdO/Ou/4kZN6RMytgolB3GhV76cV6f865iuVh32wyItLxv5RqZRGizESv8hzjBvwdpNoRL7A+hZKdwxZukOw==",
			"license": "MIT"
		}
	},
	"dependencies": {
		"@xylem-js/xylem-js": {
			"version": "0.1.1",
			"resolved": "https://registry.npmjs.org/@xylem-js/xylem-js/-/xylem-js-0.1.1.tgz",
			"integrity": "sha512-KNHdO/Ou/4kZN6RMytgolB3GhV76cV6f865iuVh32wyItLxv5RqZRGizESv8hzjBvwdpNoRL7A+hZKdwxZukOw=="
		}
	}
}
